
Microsoft Visual Studio Solution File, Format Version 12.00
# Visual Studio Version 17
VisualStudioVersion = 17.9.34607.119
MinimumVisualStudioVersion = 10.0.40219.1
Project("{FAE04EC0-301F-11D3-BF4B-00C04F79EFBC}") = "MKR", "MKR\MKR.csproj", "{FE468407-110C-46D6-93D1-88441A9CF24A}"
EndProject
Global
	GlobalSection(SolutionConfigurationPlatforms) = preSolution
		Debug|Any CPU = Debug|Any CPU
		Release|Any CPU = Release|Any CPU
	EndGlobalSection
	GlobalSection(ProjectConfigurationPlatforms) = postSolution
		{FE468407-110C-46D6-93D1-88441A9CF24A}.Debug|Any CPU.ActiveCfg = Debug|Any CPU
		{FE468407-110C-46D6-93D1-88441A9CF24A}.Debug|Any CPU.Build.0 = Debug|Any CPU
		{FE468407-110C-46D6-93D1-88441A9CF24A}.Release|Any CPU.ActiveCfg = Release|Any CPU
		{FE468407-110C-46D6-93D1-88441A9CF24A}.Release|Any CPU.Build.0 = Release|Any CPU
	EndGlobalSection
	GlobalSection(SolutionProperties) = preSolution
		HideSolutionNode = FALSE
	EndGlobalSection
	GlobalSection(ExtensibilityGlobals) = postSolution
		SolutionGuid = {078ECF1D-9806-4295-8869-8712808FA890}
	EndGlobalSection
EndGlobal
